{
  "name": "ref",
  "version": "1.0.0",
  "lockfileVersion": 2,
  "requires": true,
  "packages": {
    "": {
      "name": "ref",
      "version": "1.0.0",
      "license": "ISC",
      "dependencies": {
        "console-log-img": "^4.0.2",
        "moment": "^2.29.3",
        "sentence-case": "^3.0.4"
      }
    },
    "node_modules/console-log-img": {
      "version": "4.0.2",
      "resolved": "https://registry.npmjs.org/console-log-img/-/console-log-img-4.0.2.tgz",
      "integrity": "sha512-A2z3cAYlhimC8FtUtpA6fbX7aN4rCaIBTQKph+VWZgYBR8DbK/iiYBlawVeDkWTcfftBbvf+Su7Ov4J6M5McLg==",
      "engines": {
        "node": ">=10"
      }
    },
    "node_modules/lower-case": {
      "version": "2.0.2",
      "resolved": "https://registry.npmjs.org/lower-case/-/lower-case-2.0.2.tgz",
      "integrity": "sha512-7fm3l3NAF9WfN6W3JOmf5drwpVqX78JtoGJ3A6W0a6ZnldM41w2fV5D490psKFTpMds8TJse/eHLFFsNHHjHgg==",
      "dependencies": {
        "tslib": "^2.0.3"
      }
    },
    "node_modules/moment": {
      "version": "2.29.3",
      "resolved": "https://registry.npmjs.org/moment/-/moment-2.29.3.tgz",
      "integrity": "sha512-c6YRvhEo//6T2Jz/vVtYzqBzwvPT95JBQ+smCytzf7c50oMZRsR/a4w88aD34I+/QVSfnoAnSBFPJHItlOMJVw==",
      "engines": {
        "node": "*"
      }
    },
    "node_modules/no-case": {
      "version": "3.0.4",
      "resolved": "https://registry.npmjs.org/no-case/-/no-case-3.0.4.tgz",
      "integrity": "sha512-fgAN3jGAh+RoxUGZHTSOLJIqUc2wmoBwGR4tbpNAKmmovFoWq0OdRkb0VkldReO2a2iBT/OEulG9XSUc10r3zg==",
      "dependencies": {
        "lower-case": "^2.0.2",
        "tslib": "^2.0.3"
      }
    },
    "node_modules/sentence-case": {
      "version": "3.0.4",
      "resolved": "https://registry.npmjs.org/sentence-case/-/sentence-case-3.0.4.tgz",
      "integrity": "sha512-8LS0JInaQMCRoQ7YUytAo/xUu5W2XnQxV2HI/6uM6U7CITS1RqPElr30V6uIqyMKM9lJGRVFy5/4CuzcixNYSg==",
      "dependencies": {
        "no-case": "^3.0.4",
        "tslib": "^2.0.3",
        "upper-case-first": "^2.0.2"
      }
    },
    "node_modules/tslib": {
      "version": "2.4.0",
      "resolved": "https://registry.npmjs.org/tslib/-/tslib-2.4.0.tgz",
      "integrity": "sha512-d6xOpEDfsi2CZVlPQzGeux8XMwLT9hssAsaPYExaQMuYskwb+x1x7J371tWlbBdWHroy99KnVB6qIkUbs5X3UQ=="
    },
    "node_modules/upper-case-first": {
      "version": "2.0.2",
      "resolved": "https://registry.npmjs.org/upper-case-first/-/upper-case-first-2.0.2.tgz",
      "integrity": "sha512-514ppYHBaKwfJRK/pNC6c/OxfGa0obSnAl106u97Ed0I625Nin96KAjttZF6ZL3e1XLtphxnqrOi9iWgm+u+bg==",
      "dependencies": {
        "tslib": "^2.0.3"
      }
    }
  },
  "dependencies": {
    "console-log-img": {
      "version": "4.0.2",
      "resolved": "https://registry.npmjs.org/console-log-img/-/console-log-img-4.0.2.tgz",
      "integrity": "sha512-A2z3cAYlhimC8FtUtpA6fbX7aN4rCaIBTQKph+VWZgYBR8DbK/iiYBlawVeDkWTcfftBbvf+Su7Ov4J6M5McLg=="
    },
    "lower-case": {
      "version": "2.0.2",
      "resolved": "https://registry.npmjs.org/lower-case/-/lower-case-2.0.2.tgz",
      "integrity": "sha512-7fm3l3NAF9WfN6W3JOmf5drwpVqX78JtoGJ3A6W0a6ZnldM41w2fV5D490psKFTpMds8TJse/eHLFFsNHHjHgg==",
      "requires": {
        "tslib": "^2.0.3"
      }
    },
    "moment": {
      "version": "2.29.3",
      "resolved": "https://registry.npmjs.org/moment/-/moment-2.29.3.tgz",
      "integrity": "sha512-c6YRvhEo//6T2Jz/vVtYzqBzwvPT95JBQ+smCytzf7c50oMZRsR/a4w88aD34I+/QVSfnoAnSBFPJHItlOMJVw=="
    },
    "no-case": {
      "version": "3.0.4",
      "resolved": "https://registry.npmjs.org/no-case/-/no-case-3.0.4.tgz",
      "integrity": "sha512-fgAN3jGAh+RoxUGZHTSOLJIqUc2wmoBwGR4tbpNAKmmovFoWq0OdRkb0VkldReO2a2iBT/OEulG9XSUc10r3zg==",
      "requires": {
        "lower-case": "^2.0.2",
        "tslib": "^2.0.3"
      }
    },
    "sentence-case": {
      "version": "3.0.4",
      "resolved": "https://registry.npmjs.org/sentence-case/-/sentence-case-3.0.4.tgz",
      "integrity": "sha512-8LS0JInaQMCRoQ7YUytAo/xUu5W2XnQxV2HI/6uM6U7CITS1RqPElr30V6uIqyMKM9lJGRVFy5/4CuzcixNYSg==",
      "requires": {
        "no-case": "^3.0.4",
        "tslib": "^2.0.3",
        "upper-case-first": "^2.0.2"
      }
    },
    "tslib": {
      "version": "2.4.0",
      "resolved": "https://registry.npmjs.org/tslib/-/tslib-2.4.0.tgz",
      "integrity": "sha512-d6xOpEDfsi2CZVlPQzGeux8XMwLT9hssAsaPYExaQMuYskwb+x1x7J371tWlbBdWHroy99KnVB6qIkUbs5X3UQ=="
    },
    "upper-case-first": {
      "version": "2.0.2",
      "resolved": "https://registry.npmjs.org/upper-case-first/-/upper-case-first-2.0.2.tgz",
      "integrity": "sha512-514ppYHBaKwfJRK/pNC6c/OxfGa0obSnAl106u97Ed0I625Nin96KAjttZF6ZL3e1XLtphxnqrOi9iWgm+u+bg==",
      "requires": {
        "tslib": "^2.0.3"
      }
    }
  }
}
